// !$*UTF8*$!
{
	archiveVersion = 1;
	classes = {
	};
	objectVersion = 46;
	objects = {

/* Begin PBXBuildFile section */
		1D3623260D0F684500981E51 /* SGBorderCrossingAppDelegate.m in Sources */ = {isa = PBXBuildFile; fileRef = 1D3623250D0F684500981E51 /* SGBorderCrossingAppDelegate.m */; };
		1D60589B0D05DD56006BFB54 /* main.m in Sources */ = {isa = PBXBuildFile; fileRef = 29B97316FDCFA39411CA2CEA /* main.m */; };
		1D60589F0D05DD5A006BFB54 /* Foundation.framework in Frameworks */ = {isa = PBXBuildFile; fileRef = 1D30AB110D05D00D00671497 /* Foundation.framework */; };
		1DF5F4E00D08C38300B7A737 /* UIKit.framework in Frameworks */ = {isa = PBXBuildFile; fileRef = 1DF5F4DF0D08C38300B7A737 /* UIKit.framework */; };
		288765FD0DF74451002DB57D /* CoreGraphics.framework in Frameworks */ = {isa = PBXBuildFile; fileRef = 288765FC0DF74451002DB57D /* CoreGraphics.framework */; };
		4A64665F12286C53008B1339 /* Token.plist in Resources */ = {isa = PBXBuildFile; fileRef = 4A64665E12286C53008B1339 /* Token.plist */; };
		4A64666E12286CFF008B1339 /* SGMainViewController.m in Sources */ = {isa = PBXBuildFile; fileRef = 4A64666D12286CFF008B1339 /* SGMainViewController.m */; };
		4A6466A51228733A008B1339 /* MapKit.framework in Frameworks */ = {isa = PBXBuildFile; fileRef = 4A6466A41228733A008B1339 /* MapKit.framework */; };
		4A647E1D1229C7A0008B1339 /* LocateMe.png in Resources */ = {isa = PBXBuildFile; fileRef = 4A647E1C1229C7A0008B1339 /* LocateMe.png */; };
		4A6490E7122B6D45008B1339 /* iTunesArtwork.png in Resources */ = {isa = PBXBuildFile; fileRef = 4A6490E5122B6D45008B1339 /* iTunesArtwork.png */; };
		4A6490E8122B6D45008B1339 /* Icon.png in Resources */ = {isa = PBXBuildFile; fileRef = 4A6490E6122B6D45008B1339 /* Icon.png */; };
		4A705EDD121F198200B3D330 /* MainWindow.xib in Resources */ = {isa = PBXBuildFile; fileRef = 4A705EDB121F198200B3D330 /* MainWindow.xib */; };
		4A70602C121F1BB400B3D330 /* CoreLocation.framework in Frameworks */ = {isa = PBXBuildFile; fileRef = 4A70602B121F1BB400B3D330 /* CoreLocation.framework */; };
/* End PBXBuildFile section */

/* Begin PBXFileReference section */
		1D30AB110D05D00D00671497 /* Foundation.framework */ = {isa = PBXFileReference; lastKnownFileType = wrapper.framework; name = Foundation.framework; path = System/Library/Frameworks/Foundation.framework; sourceTree = SDKROOT; };
		1D3623240D0F684500981E51 /* SGBorderCrossingAppDelegate.h */ = {isa = PBXFileReference; fileEncoding = 4; lastKnownFileType = sourcecode.c.h; path = SGBorderCrossingAppDelegate.h; sourceTree = "<group>"; };
		1D3623250D0F684500981E51 /* SGBorderCrossingAppDelegate.m */ = {isa = PBXFileReference; fileEncoding = 4; lastKnownFileType = sourcecode.c.objc; path = SGBorderCrossingAppDelegate.m; sourceTree = "<group>"; };
		1D6058910D05DD3D006BFB54 /* BorderXing.app */ = {isa = PBXFileReference; explicitFileType = wrapper.application; includeInIndex = 0; path = BorderXing.app; sourceTree = BUILT_PRODUCTS_DIR; };
		1DF5F4DF0D08C38300B7A737 /* UIKit.framework */ = {isa = PBXFileReference; lastKnownFileType = wrapper.framework; name = UIKit.framework; path = System/Library/Frameworks/UIKit.framework; sourceTree = SDKROOT; };
		288765FC0DF74451002DB57D /* CoreGraphics.framework */ = {isa = PBXFileReference; lastKnownFileType = wrapper.framework; name = CoreGraphics.framework; path = System/Library/Frameworks/CoreGraphics.framework; sourceTree = SDKROOT; };
		29B97316FDCFA39411CA2CEA /* main.m */ = {isa = PBXFileReference; fileEncoding = 4; lastKnownFileType = sourcecode.c.objc; path = main.m; sourceTree = "<group>"; };
		4A64665E12286C53008B1339 /* Token.plist */ = {isa = PBXFileReference; fileEncoding = 4; lastKnownFileType = text.plist.xml; name = Token.plist; path = Resources/Token.plist; sourceTree = "<group>"; };
		4A64666C12286CFF008B1339 /* SGMainViewController.h */ = {isa = PBXFileReference; fileEncoding = 4; lastKnownFileType = sourcecode.c.h; path = SGMainViewController.h; sourceTree = "<group>"; };
		4A64666D12286CFF008B1339 /* SGMainViewController.m */ = {isa = PBXFileReference; fileEncoding = 4; lastKnownFileType = sourcecode.c.objc; path = SGMainViewController.m; sourceTree = "<group>"; };
		4A6466A41228733A008B1339 /* MapKit.framework */ = {isa = PBXFileReference; lastKnownFileType = wrapper.framework; name = MapKit.framework; path = System/Library/Frameworks/MapKit.framework; sourceTree = SDKROOT; };
		4A647E1C1229C7A0008B1339 /* LocateMe.png */ = {isa = PBXFileReference; lastKnownFileType = image.png; path = LocateMe.png; sourceTree = "<group>"; };
		4A648F7B122B6C75008B1339 /* CLLocationAdditions.h */ = {isa = PBXFileReference; fileEncoding = 4; lastKnownFileType = sourcecode.c.h; path = CLLocationAdditions.h; sourceTree = "<group>"; };
		4A648F7C122B6C75008B1339 /* SGDynamicPolylineView.h */ = {isa = PBXFileReference; fileEncoding = 4; lastKnownFileType = sourcecode.c.h; path = SGDynamicPolylineView.h; sourceTree = "<group>"; };
		4A648F7D122B6C75008B1339 /* SGLayerMapView.h */ = {isa = PBXFileReference; fileEncoding = 4; lastKnownFileType = sourcecode.c.h; path = SGLayerMapView.h; sourceTree = "<group>"; };
		4A648F7E122B6C75008B1339 /* SGMapKit.h */ = {isa = PBXFileReference; fileEncoding = 4; lastKnownFileType = sourcecode.c.h; path = SGMapKit.h; sourceTree = "<group>"; };
		4A648F7F122B6C75008B1339 /* SGMapRectHelper.h */ = {isa = PBXFileReference; fileEncoding = 4; lastKnownFileType = sourcecode.c.h; path = SGMapRectHelper.h; sourceTree = "<group>"; };
		4A648F80122B6C75008B1339 /* SGPointHelper.h */ = {isa = PBXFileReference; fileEncoding = 4; lastKnownFileType = sourcecode.c.h; path = SGPointHelper.h; sourceTree = "<group>"; };
		4A648F81122B6C75008B1339 /* SGRecordLine.h */ = {isa = PBXFileReference; fileEncoding = 4; lastKnownFileType = sourcecode.c.h; path = SGRecordLine.h; sourceTree = "<group>"; };
		4A648F82122B6C75008B1339 /* SGRegion.h */ = {isa = PBXFileReference; fileEncoding = 4; lastKnownFileType = sourcecode.c.h; path = SGRegion.h; sourceTree = "<group>"; };
		4A648F84122B6C75008B1339 /* libSGMapKit.a */ = {isa = PBXFileReference; lastKnownFileType = archive.ar; path = libSGMapKit.a; sourceTree = "<group>"; };
		4A648F86122B6C75008B1339 /* libSGMapKit.a */ = {isa = PBXFileReference; lastKnownFileType = archive.ar; path = libSGMapKit.a; sourceTree = "<group>"; };
		4A64903A122B6C75008B1339 /* GeoJSON+NSArray.h */ = {isa = PBXFileReference; fileEncoding = 4; lastKnownFileType = sourcecode.c.h; path = "GeoJSON+NSArray.h"; sourceTree = "<group>"; };
		4A64903B122B6C75008B1339 /* GeoJSON+NSDictionary.h */ = {isa = PBXFileReference; fileEncoding = 4; lastKnownFileType = sourcecode.c.h; path = "GeoJSON+NSDictionary.h"; sourceTree = "<group>"; };
		4A64903C122B6C75008B1339 /* NSStringAdditions.h */ = {isa = PBXFileReference; fileEncoding = 4; lastKnownFileType = sourcecode.c.h; path = NSStringAdditions.h; sourceTree = "<group>"; };
		4A64903D122B6C75008B1339 /* SGAdditions.h */ = {isa = PBXFileReference; fileEncoding = 4; lastKnownFileType = sourcecode.c.h; path = SGAdditions.h; sourceTree = "<group>"; };
		4A64903E122B6C75008B1339 /* SGAuthorization.h */ = {isa = PBXFileReference; fileEncoding = 4; lastKnownFileType = sourcecode.c.h; path = SGAuthorization.h; sourceTree = "<group>"; };
		4A64903F122B6C75008B1339 /* SGCacheHandler.h */ = {isa = PBXFileReference; fileEncoding = 4; lastKnownFileType = sourcecode.c.h; path = SGCacheHandler.h; sourceTree = "<group>"; };
		4A649040122B6C75008B1339 /* SGClient.h */ = {isa = PBXFileReference; fileEncoding = 4; lastKnownFileType = sourcecode.c.h; path = SGClient.h; sourceTree = "<group>"; };
		4A649041122B6C75008B1339 /* SGCommitLog.h */ = {isa = PBXFileReference; fileEncoding = 4; lastKnownFileType = sourcecode.c.h; path = SGCommitLog.h; sourceTree = "<group>"; };
		4A649042122B6C75008B1339 /* SGGeohashNearbyQuery.h */ = {isa = PBXFileReference; fileEncoding = 4; lastKnownFileType = sourcecode.c.h; path = SGGeohashNearbyQuery.h; sourceTree = "<group>"; };
		4A649043122B6C75008B1339 /* SGGeoJSON+NSDictionary.h */ = {isa = PBXFileReference; fileEncoding = 4; lastKnownFileType = sourcecode.c.h; path = "SGGeoJSON+NSDictionary.h"; sourceTree = "<group>"; };
		4A649044122B6C75008B1339 /* SGGeoJSON.h */ = {isa = PBXFileReference; fileEncoding = 4; lastKnownFileType = sourcecode.c.h; path = SGGeoJSON.h; sourceTree = "<group>"; };
		4A649045122B6C75008B1339 /* SGGeoJSONEncoder.h */ = {isa = PBXFileReference; fileEncoding = 4; lastKnownFileType = sourcecode.c.h; path = SGGeoJSONEncoder.h; sourceTree = "<group>"; };
		4A649046122B6C75008B1339 /* SGHistoryQuery.h */ = {isa = PBXFileReference; fileEncoding = 4; lastKnownFileType = sourcecode.c.h; path = SGHistoryQuery.h; sourceTree = "<group>"; };
		4A649047122B6C75008B1339 /* SGLatLonNearbyQuery.h */ = {isa = PBXFileReference; fileEncoding = 4; lastKnownFileType = sourcecode.c.h; path = SGLatLonNearbyQuery.h; sourceTree = "<group>"; };
		4A649048122B6C75008B1339 /* SGLayer.h */ = {isa = PBXFileReference; fileEncoding = 4; lastKnownFileType = sourcecode.c.h; path = SGLayer.h; sourceTree = "<group>"; };
		4A649049122B6C75008B1339 /* SGLocationManager.h */ = {isa = PBXFileReference; fileEncoding = 4; lastKnownFileType = sourcecode.c.h; path = SGLocationManager.h; sourceTree = "<group>"; };
		4A64904A122B6C75008B1339 /* SGLocationService.h */ = {isa = PBXFileReference; fileEncoding = 4; lastKnownFileType = sourcecode.c.h; path = SGLocationService.h; sourceTree = "<group>"; };
		4A64904B122B6C75008B1339 /* SGLocationTypes.h */ = {isa = PBXFileReference; fileEncoding = 4; lastKnownFileType = sourcecode.c.h; path = SGLocationTypes.h; sourceTree = "<group>"; };
		4A64904C122B6C75008B1339 /* SGNearbyQuery.h */ = {isa = PBXFileReference; fileEncoding = 4; lastKnownFileType = sourcecode.c.h; path = SGNearbyQuery.h; sourceTree = "<group>"; };
		4A64904D122B6C75008B1339 /* SGOAuth.h */ = {isa = PBXFileReference; fileEncoding = 4; lastKnownFileType = sourcecode.c.h; path = SGOAuth.h; sourceTree = "<group>"; };
		4A64904E122B6C75008B1339 /* SGQuery.h */ = {isa = PBXFileReference; fileEncoding = 4; lastKnownFileType = sourcecode.c.h; path = SGQuery.h; sourceTree = "<group>"; };
		4A64904F122B6C75008B1339 /* SGRecord.h */ = {isa = PBXFileReference; fileEncoding = 4; lastKnownFileType = sourcecode.c.h; path = SGRecord.h; sourceTree = "<group>"; };
		4A649050122B6C75008B1339 /* SGRecordAnnotation.h */ = {isa = PBXFileReference; fileEncoding = 4; lastKnownFileType = sourcecode.c.h; path = SGRecordAnnotation.h; sourceTree = "<group>"; };
		4A649052122B6C75008B1339 /* libSGClient.a */ = {isa = PBXFileReference; lastKnownFileType = archive.ar; path = libSGClient.a; sourceTree = "<group>"; };
		4A649054122B6C75008B1339 /* libSGClient.a */ = {isa = PBXFileReference; lastKnownFileType = archive.ar; path = libSGClient.a; sourceTree = "<group>"; };
		4A6490E5122B6D45008B1339 /* iTunesArtwork.png */ = {isa = PBXFileReference; lastKnownFileType = image.png; name = iTunesArtwork.png; path = Resources/iTunesArtwork.png; sourceTree = "<group>"; };
		4A6490E6122B6D45008B1339 /* Icon.png */ = {isa = PBXFileReference; lastKnownFileType = image.png; name = Icon.png; path = Resources/Icon.png; sourceTree = "<group>"; };
		4A705ED9121F198200B3D330 /* SGBorderCrossing-Info.plist */ = {isa = PBXFileReference; fileEncoding = 4; lastKnownFileType = text.plist.xml; name = "SGBorderCrossing-Info.plist"; path = "Resources/SGBorderCrossing-Info.plist"; sourceTree = "<group>"; };
		4A705EDA121F198200B3D330 /* SGBorderCrossing_Prefix.pch */ = {isa = PBXFileReference; fileEncoding = 4; lastKnownFileType = sourcecode.c.h; name = SGBorderCrossing_Prefix.pch; path = Resources/SGBorderCrossing_Prefix.pch; sourceTree = "<group>"; };
		4A705EDB121F198200B3D330 /* MainWindow.xib */ = {isa = PBXFileReference; lastKnownFileType = file.xib; name = MainWindow.xib; path = Resources/MainWindow.xib; sourceTree = "<group>"; };
		4A70602B121F1BB400B3D330 /* CoreLocation.framework */ = {isa = PBXFileReference; lastKnownFileType = wrapper.framework; name = CoreLocation.framework; path = System/Library/Frameworks/CoreLocation.framework; sourceTree = SDKROOT; };
/* End PBXFileReference section */

/* Begin PBXFrameworksBuildPhase section */
		1D60588F0D05DD3D006BFB54 /* Frameworks */ = {
			isa = PBXFrameworksBuildPhase;
			buildActionMask = 2147483647;
			files = (
				1D60589F0D05DD5A006BFB54 /* Foundation.framework in Frameworks */,
				1DF5F4E00D08C38300B7A737 /* UIKit.framework in Frameworks */,
				288765FD0DF74451002DB57D /* CoreGraphics.framework in Frameworks */,
				4A70602C121F1BB400B3D330 /* CoreLocation.framework in Frameworks */,
				4A6466A51228733A008B1339 /* MapKit.framework in Frameworks */,
			);
			runOnlyForDeploymentPostprocessing = 0;
		};
/* End PBXFrameworksBuildPhase section */

/* Begin PBXGroup section */
		080E96DDFE201D6D7F000001 /* Classes */ = {
			isa = PBXGroup;
			children = (
				1D3623240D0F684500981E51 /* SGBorderCrossingAppDelegate.h */,
				1D3623250D0F684500981E51 /* SGBorderCrossingAppDelegate.m */,
				4A64666C12286CFF008B1339 /* SGMainViewController.h */,
				4A64666D12286CFF008B1339 /* SGMainViewController.m */,
			);
			path = Classes;
			sourceTree = "<group>";
		};
		19C28FACFE9D520D11CA2CBB /* Products */ = {
			isa = PBXGroup;
			children = (
				1D6058910D05DD3D006BFB54 /* BorderXing.app */,
			);
			name = Products;
			sourceTree = "<group>";
		};
		29B97314FDCFA39411CA2CEA /* CustomTemplate */ = {
			isa = PBXGroup;
			children = (
				4A705EF1121F1B6C00B3D330 /* SGiPhoneSDK */,
				29B97316FDCFA39411CA2CEA /* main.m */,
				080E96DDFE201D6D7F000001 /* Classes */,
				29B97317FDCFA39411CA2CEA /* Resources */,
				29B97323FDCFA39411CA2CEA /* Frameworks */,
				19C28FACFE9D520D11CA2CBB /* Products */,
			);
			name = CustomTemplate;
			sourceTree = "<group>";
		};
		29B97317FDCFA39411CA2CEA /* Resources */ = {
			isa = PBXGroup;
			children = (
				4A6490E5122B6D45008B1339 /* iTunesArtwork.png */,
				4A6490E6122B6D45008B1339 /* Icon.png */,
				4A647E1B1229C7A0008B1339 /* Images */,
				4A64665E12286C53008B1339 /* Token.plist */,
				4A705ED9121F198200B3D330 /* SGBorderCrossing-Info.plist */,
				4A705EDA121F198200B3D330 /* SGBorderCrossing_Prefix.pch */,
				4A705EDB121F198200B3D330 /* MainWindow.xib */,
			);
			name = Resources;
			sourceTree = "<group>";
		};
		29B97323FDCFA39411CA2CEA /* Frameworks */ = {
			isa = PBXGroup;
			children = (
				4A6466A41228733A008B1339 /* MapKit.framework */,
				4A70602B121F1BB400B3D330 /* CoreLocation.framework */,
				1DF5F4DF0D08C38300B7A737 /* UIKit.framework */,
				1D30AB110D05D00D00671497 /* Foundation.framework */,
				288765FC0DF74451002DB57D /* CoreGraphics.framework */,
			);
			name = Frameworks;
			sourceTree = "<group>";
		};
		4A647E1B1229C7A0008B1339 /* Images */ = {
			isa = PBXGroup;
			children = (
				4A647E1C1229C7A0008B1339 /* LocateMe.png */,
			);
			name = Images;
			path = Resources/Images;
			sourceTree = "<group>";
		};
		4A648F4F122B6C75008B1339 /* SGMapKit */ = {
			isa = PBXGroup;
			children = (
				4A648F7A122B6C75008B1339 /* Headers */,
				4A648F83122B6C75008B1339 /* iphoneos */,
				4A648F85122B6C75008B1339 /* iphonesimulator */,
			);
			path = SGMapKit;
			sourceTree = "<group>";
		};
		4A648F7A122B6C75008B1339 /* Headers */ = {
			isa = PBXGroup;
			children = (
				4A648F7B122B6C75008B1339 /* CLLocationAdditions.h */,
				4A648F7C122B6C75008B1339 /* SGDynamicPolylineView.h */,
				4A648F7D122B6C75008B1339 /* SGLayerMapView.h */,
				4A648F7E122B6C75008B1339 /* SGMapKit.h */,
				4A648F7F122B6C75008B1339 /* SGMapRectHelper.h */,
				4A648F80122B6C75008B1339 /* SGPointHelper.h */,
				4A648F81122B6C75008B1339 /* SGRecordLine.h */,
				4A648F82122B6C75008B1339 /* SGRegion.h */,
			);
			path = Headers;
			sourceTree = "<group>";
		};
		4A648F83122B6C75008B1339 /* iphoneos */ = {
			isa = PBXGroup;
			children = (
				4A648F84122B6C75008B1339 /* libSGMapKit.a */,
			);
			path = iphoneos;
			sourceTree = "<group>";
		};
		4A648F85122B6C75008B1339 /* iphonesimulator */ = {
			isa = PBXGroup;
			children = (
				4A648F86122B6C75008B1339 /* libSGMapKit.a */,
			);
			path = iphonesimulator;
			sourceTree = "<group>";
		};
		4A648F89122B6C75008B1339 /* SGClient */ = {
			isa = PBXGroup;
			children = (
				4A649039122B6C75008B1339 /* Headers */,
				4A649051122B6C75008B1339 /* iphoneos */,
				4A649053122B6C75008B1339 /* iphonesimulator */,
			);
			path = SGClient;
			sourceTree = "<group>";
		};
		4A649039122B6C75008B1339 /* Headers */ = {
			isa = PBXGroup;
			children = (
				4A64903A122B6C75008B1339 /* GeoJSON+NSArray.h */,
				4A64903B122B6C75008B1339 /* GeoJSON+NSDictionary.h */,
				4A64903C122B6C75008B1339 /* NSStringAdditions.h */,
				4A64903D122B6C75008B1339 /* SGAdditions.h */,
				4A64903E122B6C75008B1339 /* SGAuthorization.h */,
				4A64903F122B6C75008B1339 /* SGCacheHandler.h */,
				4A649040122B6C75008B1339 /* SGClient.h */,
				4A649041122B6C75008B1339 /* SGCommitLog.h */,
				4A649042122B6C75008B1339 /* SGGeohashNearbyQuery.h */,
				4A649043122B6C75008B1339 /* SGGeoJSON+NSDictionary.h */,
				4A649044122B6C75008B1339 /* SGGeoJSON.h */,
				4A649045122B6C75008B1339 /* SGGeoJSONEncoder.h */,
				4A649046122B6C75008B1339 /* SGHistoryQuery.h */,
				4A649047122B6C75008B1339 /* SGLatLonNearbyQuery.h */,
				4A649048122B6C75008B1339 /* SGLayer.h */,
				4A649049122B6C75008B1339 /* SGLocationManager.h */,
				4A64904A122B6C75008B1339 /* SGLocationService.h */,
				4A64904B122B6C75008B1339 /* SGLocationTypes.h */,
				4A64904C122B6C75008B1339 /* SGNearbyQuery.h */,
				4A64904D122B6C75008B1339 /* SGOAuth.h */,
				4A64904E122B6C75008B1339 /* SGQuery.h */,
				4A64904F122B6C75008B1339 /* SGRecord.h */,
				4A649050122B6C75008B1339 /* SGRecordAnnotation.h */,
			);
			path = Headers;
			sourceTree = "<group>";
		};
		4A649051122B6C75008B1339 /* iphoneos */ = {
			isa = PBXGroup;
			children = (
				4A649052122B6C75008B1339 /* libSGClient.a */,
			);
			path = iphoneos;
			sourceTree = "<group>";
		};
		4A649053122B6C75008B1339 /* iphonesimulator */ = {
			isa = PBXGroup;
			children = (
				4A649054122B6C75008B1339 /* libSGClient.a */,
			);
			path = iphonesimulator;
			sourceTree = "<group>";
		};
		4A705EF1121F1B6C00B3D330 /* SGiPhoneSDK */ = {
			isa = PBXGroup;
			children = (
				4A648F4F122B6C75008B1339 /* SGMapKit */,
				4A648F89122B6C75008B1339 /* SGClient */,
			);
			path = SGiPhoneSDK;
			sourceTree = "<group>";
		};
/* End PBXGroup section */

/* Begin PBXNativeTarget section */
		1D6058900D05DD3D006BFB54 /* SGBorderCrossing */ = {
			isa = PBXNativeTarget;
			buildConfigurationList = 1D6058960D05DD3E006BFB54 /* Build configuration list for PBXNativeTarget "SGBorderCrossing" */;
			buildPhases = (
				1D60588D0D05DD3D006BFB54 /* Resources */,
				1D60588E0D05DD3D006BFB54 /* Sources */,
				1D60588F0D05DD3D006BFB54 /* Frameworks */,
			);
			buildRules = (
			);
			dependencies = (
			);
			name = SGBorderCrossing;
			productName = SGBorderCrossing;
			productReference = 1D6058910D05DD3D006BFB54 /* BorderXing.app */;
			productType = "com.apple.product-type.application";
		};
/* End PBXNativeTarget section */

/* Begin PBXProject section */
		29B97313FDCFA39411CA2CEA /* Project object */ = {
			isa = PBXProject;
			attributes = {
				ORGANIZATIONNAME = SimpleGeo;
			};
			buildConfigurationList = C01FCF4E08A954540054247B /* Build configuration list for PBXProject "SGBorderCrossing" */;
			compatibilityVersion = "Xcode 3.2";
			hasScannedForEncodings = 1;
			mainGroup = 29B97314FDCFA39411CA2CEA /* CustomTemplate */;
			projectDirPath = "";
			projectRoot = "";
			targets = (
				1D6058900D05DD3D006BFB54 /* SGBorderCrossing */,
			);
		};
/* End PBXProject section */

/* Begin PBXResourcesBuildPhase section */
		1D60588D0D05DD3D006BFB54 /* Resources */ = {
			isa = PBXResourcesBuildPhase;
			buildActionMask = 2147483647;
			files = (
				4A705EDD121F198200B3D330 /* MainWindow.xib in Resources */,
				4A64665F12286C53008B1339 /* Token.plist in Resources */,
				4A647E1D1229C7A0008B1339 /* LocateMe.png in Resources */,
				4A6490E7122B6D45008B1339 /* iTunesArtwork.png in Resources */,
				4A6490E8122B6D45008B1339 /* Icon.png in Resources */,
			);
			runOnlyForDeploymentPostprocessing = 0;
		};
/* End PBXResourcesBuildPhase section */

/* Begin PBXSourcesBuildPhase section */
		1D60588E0D05DD3D006BFB54 /* Sources */ = {
			isa = PBXSourcesBuildPhase;
			buildActionMask = 2147483647;
			files = (
				1D60589B0D05DD56006BFB54 /* main.m in Sources */,
				1D3623260D0F684500981E51 /* SGBorderCrossingAppDelegate.m in Sources */,
				4A64666E12286CFF008B1339 /* SGMainViewController.m in Sources */,
			);
			runOnlyForDeploymentPostprocessing = 0;
		};
/* End PBXSourcesBuildPhase section */

/* Begin XCBuildConfiguration section */
		1D6058940D05DD3E006BFB54 /* Debug */ = {
			isa = XCBuildConfiguration;
			buildSettings = {
				ALWAYS_SEARCH_USER_PATHS = NO;
				COPY_PHASE_STRIP = NO;
				GCC_DYNAMIC_NO_PIC = NO;
				GCC_OPTIMIZATION_LEVEL = 0;
				GCC_PRECOMPILE_PREFIX_HEADER = YES;
				GCC_PREFIX_HEADER = Resources/SGBorderCrossing_Prefix.pch;
				INFOPLIST_FILE = "Resources/SGBorderCrossing-Info.plist";
				LIBRARY_SEARCH_PATHS = (
					"\"$(SRCROOT)/SGiPhoneSDK/SGClient/$(PLATFORM_NAME)\"",
					"\"$(SRCROOT)/SGiPhoneSDK/SGMapKit/$(PLATFORM_NAME)\"",
					"\"$(SRCROOT)/../../../clients/SGiPhoneSDK/SGMapKit/build/Debug-iphonesimulator\"",
					"\"$(SRCROOT)/../../../clients/SGiPhoneSDK/SGMapKit/build/Release-iphonesimulator\"",
					"\"$(SRCROOT)/../../../clients/SGiPhoneSDK/SGMapKit/Resources/3rd-Party/SGClient/build/Release-iphoneos\"",
					"\"$(SRCROOT)/../../../clients/SGiPhoneSDK/SGMapKit/Resources/3rd-Party/SGClient/build/Release-iphonesimulator\"",
					"\"$(SRCROOT)/../../../clients/SGiPhoneSDK/SGMapKit/Resources/3rd-Party/SGClient/build/SGClient.build/Release-iphoneos/SGClient.build/Objects-normal/armv6\"",
					"\"$(SRCROOT)/../../../clients/SGiPhoneSDK/SGMapKit/Resources/3rd-Party/SGClient/build/SGClient.build/Release-iphoneos/SGClient.build/Objects-normal/armv7\"",
					"\"$(SRCROOT)/../../../clients/SGiPhoneSDK/SGMapKit/Resources/3rd-Party/SGClient/SGClient-v0.4.0/iphoneos\"",
					"\"$(SRCROOT)/../../../clients/SGiPhoneSDK/SGMapKit/Resources/3rd-Party/SGClient/SGClient-v0.4.0/iphonesimulator\"",
					"\"$(SRCROOT)/../../../clients/SGiPhoneSDK/SGMapKit/SGiPhoneSDK/SGClient/iphoneos\"",
					"\"$(SRCROOT)/../../../clients/SGiPhoneSDK/SGMapKit/SGiPhoneSDK/SGClient/iphonesimulator\"",
					"\"$(SRCROOT)/../../../clients/SGiPhoneSDK/SGMapKit/SGMapKit-v0.4.0/iphoneos\"",
					"\"$(SRCROOT)/../../../clients/SGiPhoneSDK/SGMapKit/SGMapKit-v0.4.0/iphonesimulator\"",
					"\"$(SRCROOT)/../../../clients/SGiPhoneSDK/SGClient/build/Debug-iphoneos\"",
					"\"$(SRCROOT)/../../../clients/SGiPhoneSDK/SGClient/build/Debug-iphonesimulator\"",
					"\"$(SRCROOT)/../../../clients/SGiPhoneSDK/SGClient/build/Release-iphoneos\"",
					"\"$(SRCROOT)/../../../clients/SGiPhoneSDK/SGClient/build/Release-iphonesimulator\"",
					"\"$(SRCROOT)/../../../clients/SGiPhoneSDK/SGClient/build/SGClient.build/Debug-iphoneos/SGClient.build/Objects-normal/armv6\"",
					"\"$(SRCROOT)/../../../clients/SGiPhoneSDK/SGClient/build/SGClient.build/Debug-iphoneos/SGClient.build/Objects-normal/armv7\"",
					"\"$(SRCROOT)/../../../clients/SGiPhoneSDK/SGClient/build/SGClient.build/Release-iphoneos/SGClient.build/Objects-normal/armv6\"",
					"\"$(SRCROOT)/../../../clients/SGiPhoneSDK/SGClient/build/SGClient.build/Release-iphoneos/SGClient.build/Objects-normal/armv7\"",
					"\"$(SRCROOT)/../../../clients/SGiPhoneSDK/SGClient/SGClient-v0.3.9/iphoneos\"",
					"\"$(SRCROOT)/../../../clients/SGiPhoneSDK/SGClient/SGClient-v0.3.9/iphonesimulator\"",
					"\"$(SRCROOT)/../../../clients/SGiPhoneSDK/SGClient/SGClient-v0.4.0/iphoneos\"",
					"\"$(SRCROOT)/../../../clients/SGiPhoneSDK/SGClient/SGClient-v0.4.0/iphonesimulator\"",
					"\"$(SRCROOT)/SGiPhoneSDK/SGMapKit/iphonesimulator\"",
					"\"$(SRCROOT)/SGiPhoneSDK/SGClient/iphonesimulator\"",
				);
				OTHER_LDFLAGS = (
					"-all_load",
					"-ObjC",
					"-l",
					SGClient,
					"-l",
					SGMapKit,
				);
				PRODUCT_NAME = BorderXing;
			};
			name = Debug;
		};
		1D6058950D05DD3E006BFB54 /* Release */ = {
			isa = XCBuildConfiguration;
			buildSettings = {
				ALWAYS_SEARCH_USER_PATHS = NO;
				COPY_PHASE_STRIP = YES;
				GCC_PRECOMPILE_PREFIX_HEADER = YES;
				GCC_PREFIX_HEADER = Resources/SGBorderCrossing_Prefix.pch;
				INFOPLIST_FILE = "Resources/SGBorderCrossing-Info.plist";
				LIBRARY_SEARCH_PATHS = (
					"\"$(SRCROOT)/SGiPhoneSDK/SGClient/$(PLATFORM_NAME)\"",
					"\"$(SRCROOT)/SGiPhoneSDK/SGMapKit/$(PLATFORM_NAME)\"",
					"\"$(SRCROOT)/../../../clients/SGiPhoneSDK/SGMapKit/build/Debug-iphonesimulator\"",
					"\"$(SRCROOT)/../../../clients/SGiPhoneSDK/SGMapKit/build/Release-iphonesimulator\"",
					"\"$(SRCROOT)/../../../clients/SGiPhoneSDK/SGMapKit/Resources/3rd-Party/SGClient/build/Release-iphoneos\"",
					"\"$(SRCROOT)/../../../clients/SGiPhoneSDK/SGMapKit/Resources/3rd-Party/SGClient/build/Release-iphonesimulator\"",
					"\"$(SRCROOT)/../../../clients/SGiPhoneSDK/SGMapKit/Resources/3rd-Party/SGClient/build/SGClient.build/Release-iphoneos/SGClient.build/Objects-normal/armv6\"",
					"\"$(SRCROOT)/../../../clients/SGiPhoneSDK/SGMapKit/Resources/3rd-Party/SGClient/build/SGClient.build/Release-iphoneos/SGClient.build/Objects-normal/armv7\"",
					"\"$(SRCROOT)/../../../clients/SGiPhoneSDK/SGMapKit/Resources/3rd-Party/SGClient/SGClient-v0.4.0/iphoneos\"",
					"\"$(SRCROOT)/../../../clients/SGiPhoneSDK/SGMapKit/Resources/3rd-Party/SGClient/SGClient-v0.4.0/iphonesimulator\"",
					"\"$(SRCROOT)/../../../clients/SGiPhoneSDK/SGMapKit/SGiPhoneSDK/SGClient/iphoneos\"",
					"\"$(SRCROOT)/../../../clients/SGiPhoneSDK/SGMapKit/SGiPhoneSDK/SGClient/iphonesimulator\"",
					"\"$(SRCROOT)/../../../clients/SGiPhoneSDK/SGMapKit/SGMapKit-v0.4.0/iphoneos\"",
					"\"$(SRCROOT)/../../../clients/SGiPhoneSDK/SGMapKit/SGMapKit-v0.4.0/iphonesimulator\"",
					"\"$(SRCROOT)/../../../clients/SGiPhoneSDK/SGClient/build/Debug-iphoneos\"",
					"\"$(SRCROOT)/../../../clients/SGiPhoneSDK/SGClient/build/Debug-iphonesimulator\"",
					"\"$(SRCROOT)/../../../clients/SGiPhoneSDK/SGClient/build/Release-iphoneos\"",
					"\"$(SRCROOT)/../../../clients/SGiPhoneSDK/SGClient/build/Release-iphonesimulator\"",
					"\"$(SRCROOT)/../../../clients/SGiPhoneSDK/SGClient/build/SGClient.build/Debug-iphoneos/SGClient.build/Objects-normal/armv6\"",
					"\"$(SRCROOT)/../../../clients/SGiPhoneSDK/SGClient/build/SGClient.build/Debug-iphoneos/SGClient.build/Objects-normal/armv7\"",
					"\"$(SRCROOT)/../../../clients/SGiPhoneSDK/SGClient/build/SGClient.build/Release-iphoneos/SGClient.build/Objects-normal/armv6\"",
					"\"$(SRCROOT)/../../../clients/SGiPhoneSDK/SGClient/build/SGClient.build/Release-iphoneos/SGClient.build/Objects-normal/armv7\"",
					"\"$(SRCROOT)/../../../clients/SGiPhoneSDK/SGClient/SGClient-v0.3.9/iphoneos\"",
					"\"$(SRCROOT)/../../../clients/SGiPhoneSDK/SGClient/SGClient-v0.3.9/iphonesimulator\"",
					"\"$(SRCROOT)/../../../clients/SGiPhoneSDK/SGClient/SGClient-v0.4.0/iphoneos\"",
					"\"$(SRCROOT)/../../../clients/SGiPhoneSDK/SGClient/SGClient-v0.4.0/iphonesimulator\"",
					"\"$(SRCROOT)/SGiPhoneSDK/SGMapKit/iphonesimulator\"",
					"\"$(SRCROOT)/SGiPhoneSDK/SGClient/iphonesimulator\"",
				);
				OTHER_LDFLAGS = (
					"-all_load",
					"-ObjC",
					"-l",
					SGClient,
					"-l",
					SGMapKit,
				);
				PRODUCT_NAME = BorderXing;
				VALIDATE_PRODUCT = YES;
			};
			name = Release;
		};
		C01FCF4F08A954540054247B /* Debug */ = {
			isa = XCBuildConfiguration;
			buildSettings = {
				ARCHS = "$(ARCHS_STANDARD_32_BIT)";
				"CODE_SIGN_IDENTITY[sdk=iphoneos*]" = "iPhone Developer";
				GCC_C_LANGUAGE_STANDARD = c99;
				GCC_WARN_ABOUT_RETURN_TYPE = YES;
				GCC_WARN_UNUSED_VARIABLE = YES;
				PREBINDING = NO;
				SDKROOT = iphoneos4.0;
			};
			name = Debug;
		};
		C01FCF5008A954540054247B /* Release */ = {
			isa = XCBuildConfiguration;
			buildSettings = {
				ARCHS = "$(ARCHS_STANDARD_32_BIT)";
				"CODE_SIGN_IDENTITY[sdk=iphoneos*]" = "iPhone Developer";
				GCC_C_LANGUAGE_STANDARD = c99;
				GCC_WARN_ABOUT_RETURN_TYPE = YES;
				GCC_WARN_UNUSED_VARIABLE = YES;
				OTHER_CFLAGS = "-DNS_BLOCK_ASSERTIONS=1";
				PREBINDING = NO;
				SDKROOT = iphoneos4.0;
			};
			name = Release;
		};
/* End XCBuildConfiguration section */

/* Begin XCConfigurationList section */
		1D6058960D05DD3E006BFB54 /* Build configuration list for PBXNativeTarget "SGBorderCrossing" */ = {
			isa = XCConfigurationList;
			buildConfigurations = (
				1D6058940D05DD3E006BFB54 /* Debug */,
				1D6058950D05DD3E006BFB54 /* Release */,
			);
			defaultConfigurationIsVisible = 0;
			defaultConfigurationName = Release;
		};
		C01FCF4E08A954540054247B /* Build configuration list for PBXProject "SGBorderCrossing" */ = {
			isa = XCConfigurationList;
			buildConfigurations = (
				C01FCF4F08A954540054247B /* Debug */,
				C01FCF5008A954540054247B /* Release */,
			);
			defaultConfigurationIsVisible = 0;
			defaultConfigurationName = Release;
		};
/* End XCConfigurationList section */
	};
	rootObject = 29B97313FDCFA39411CA2CEA /* Project object */;
}
