// !$*UTF8*$!
{
	archiveVersion = 1;
	classes = {
	};
	objectVersion = 46;
	objects = {

/* Begin PBXBuildFile section */
		1D3623260D0F684500981E51 /* SGBorderCrossingAppDelegate.m in Sources */ = {isa = PBXBuildFile; fileRef = 1D3623250D0F684500981E51 /* SGBorderCrossingAppDelegate.m */; };
		1D60589B0D05DD56006BFB54 /* main.m in Sources */ = {isa = PBXBuildFile; fileRef = 29B97316FDCFA39411CA2CEA /* main.m */; };
		1D60589F0D05DD5A006BFB54 /* Foundation.framework in Frameworks */ = {isa = PBXBuildFile; fileRef = 1D30AB110D05D00D00671497 /* Foundation.framework */; };
		1DF5F4E00D08C38300B7A737 /* UIKit.framework in Frameworks */ = {isa = PBXBuildFile; fileRef = 1DF5F4DF0D08C38300B7A737 /* UIKit.framework */; };
		288765FD0DF74451002DB57D /* CoreGraphics.framework in Frameworks */ = {isa = PBXBuildFile; fileRef = 288765FC0DF74451002DB57D /* CoreGraphics.framework */; };
		4A705EDD121F198200B3D330 /* MainWindow.xib in Resources */ = {isa = PBXBuildFile; fileRef = 4A705EDB121F198200B3D330 /* MainWindow.xib */; };
		4A70602C121F1BB400B3D330 /* CoreLocation.framework in Frameworks */ = {isa = PBXBuildFile; fileRef = 4A70602B121F1BB400B3D330 /* CoreLocation.framework */; };
/* End PBXBuildFile section */

/* Begin PBXFileReference section */
		1D30AB110D05D00D00671497 /* Foundation.framework */ = {isa = PBXFileReference; lastKnownFileType = wrapper.framework; name = Foundation.framework; path = System/Library/Frameworks/Foundation.framework; sourceTree = SDKROOT; };
		1D3623240D0F684500981E51 /* SGBorderCrossingAppDelegate.h */ = {isa = PBXFileReference; fileEncoding = 4; lastKnownFileType = sourcecode.c.h; path = SGBorderCrossingAppDelegate.h; sourceTree = "<group>"; };
		1D3623250D0F684500981E51 /* SGBorderCrossingAppDelegate.m */ = {isa = PBXFileReference; fileEncoding = 4; lastKnownFileType = sourcecode.c.objc; path = SGBorderCrossingAppDelegate.m; sourceTree = "<group>"; };
		1D6058910D05DD3D006BFB54 /* SGBorderCrossing.app */ = {isa = PBXFileReference; explicitFileType = wrapper.application; includeInIndex = 0; path = SGBorderCrossing.app; sourceTree = BUILT_PRODUCTS_DIR; };
		1DF5F4DF0D08C38300B7A737 /* UIKit.framework */ = {isa = PBXFileReference; lastKnownFileType = wrapper.framework; name = UIKit.framework; path = System/Library/Frameworks/UIKit.framework; sourceTree = SDKROOT; };
		288765FC0DF74451002DB57D /* CoreGraphics.framework */ = {isa = PBXFileReference; lastKnownFileType = wrapper.framework; name = CoreGraphics.framework; path = System/Library/Frameworks/CoreGraphics.framework; sourceTree = SDKROOT; };
		29B97316FDCFA39411CA2CEA /* main.m */ = {isa = PBXFileReference; fileEncoding = 4; lastKnownFileType = sourcecode.c.objc; path = main.m; sourceTree = "<group>"; };
		4A64662C12286614008B1339 /* CLLocationAdditions.h */ = {isa = PBXFileReference; fileEncoding = 4; lastKnownFileType = sourcecode.c.h; path = CLLocationAdditions.h; sourceTree = "<group>"; };
		4A64662D12286614008B1339 /* SGDynamicPolylineView.h */ = {isa = PBXFileReference; fileEncoding = 4; lastKnownFileType = sourcecode.c.h; path = SGDynamicPolylineView.h; sourceTree = "<group>"; };
		4A64662E12286614008B1339 /* SGLayerMapView.h */ = {isa = PBXFileReference; fileEncoding = 4; lastKnownFileType = sourcecode.c.h; path = SGLayerMapView.h; sourceTree = "<group>"; };
		4A64662F12286614008B1339 /* SGMapKit.h */ = {isa = PBXFileReference; fileEncoding = 4; lastKnownFileType = sourcecode.c.h; path = SGMapKit.h; sourceTree = "<group>"; };
		4A64663012286614008B1339 /* SGMapRectHelper.h */ = {isa = PBXFileReference; fileEncoding = 4; lastKnownFileType = sourcecode.c.h; path = SGMapRectHelper.h; sourceTree = "<group>"; };
		4A64663112286614008B1339 /* SGPointHelper.h */ = {isa = PBXFileReference; fileEncoding = 4; lastKnownFileType = sourcecode.c.h; path = SGPointHelper.h; sourceTree = "<group>"; };
		4A64663212286614008B1339 /* SGRecordLine.h */ = {isa = PBXFileReference; fileEncoding = 4; lastKnownFileType = sourcecode.c.h; path = SGRecordLine.h; sourceTree = "<group>"; };
		4A64663312286614008B1339 /* SGRegion.h */ = {isa = PBXFileReference; fileEncoding = 4; lastKnownFileType = sourcecode.c.h; path = SGRegion.h; sourceTree = "<group>"; };
		4A64663512286614008B1339 /* libSGMapKit.a */ = {isa = PBXFileReference; lastKnownFileType = archive.ar; path = libSGMapKit.a; sourceTree = "<group>"; };
		4A64663712286614008B1339 /* libSGMapKit.a */ = {isa = PBXFileReference; lastKnownFileType = archive.ar; path = libSGMapKit.a; sourceTree = "<group>"; };
		4A64663812286614008B1339 /* LICENSE */ = {isa = PBXFileReference; fileEncoding = 4; lastKnownFileType = text; path = LICENSE; sourceTree = "<group>"; };
		4A64663912286614008B1339 /* README */ = {isa = PBXFileReference; fileEncoding = 4; lastKnownFileType = text; path = README; sourceTree = "<group>"; };
		4A705ED9121F198200B3D330 /* SGBorderCrossing-Info.plist */ = {isa = PBXFileReference; fileEncoding = 4; lastKnownFileType = text.plist.xml; name = "SGBorderCrossing-Info.plist"; path = "Resources/SGBorderCrossing-Info.plist"; sourceTree = "<group>"; };
		4A705EDA121F198200B3D330 /* SGBorderCrossing_Prefix.pch */ = {isa = PBXFileReference; fileEncoding = 4; lastKnownFileType = sourcecode.c.h; name = SGBorderCrossing_Prefix.pch; path = Resources/SGBorderCrossing_Prefix.pch; sourceTree = "<group>"; };
		4A705EDB121F198200B3D330 /* MainWindow.xib */ = {isa = PBXFileReference; lastKnownFileType = file.xib; name = MainWindow.xib; path = Resources/MainWindow.xib; sourceTree = "<group>"; };
		4A705FA3121F1B6C00B3D330 /* GeoJSON+NSArray.h */ = {isa = PBXFileReference; fileEncoding = 4; lastKnownFileType = sourcecode.c.h; path = "GeoJSON+NSArray.h"; sourceTree = "<group>"; };
		4A705FA4121F1B6C00B3D330 /* GeoJSON+NSDictionary.h */ = {isa = PBXFileReference; fileEncoding = 4; lastKnownFileType = sourcecode.c.h; path = "GeoJSON+NSDictionary.h"; sourceTree = "<group>"; };
		4A705FA5121F1B6C00B3D330 /* NSStringAdditions.h */ = {isa = PBXFileReference; fileEncoding = 4; lastKnownFileType = sourcecode.c.h; path = NSStringAdditions.h; sourceTree = "<group>"; };
		4A705FA6121F1B6C00B3D330 /* SGAdditions.h */ = {isa = PBXFileReference; fileEncoding = 4; lastKnownFileType = sourcecode.c.h; path = SGAdditions.h; sourceTree = "<group>"; };
		4A705FA7121F1B6C00B3D330 /* SGAuthorization.h */ = {isa = PBXFileReference; fileEncoding = 4; lastKnownFileType = sourcecode.c.h; path = SGAuthorization.h; sourceTree = "<group>"; };
		4A705FA8121F1B6C00B3D330 /* SGCacheHandler.h */ = {isa = PBXFileReference; fileEncoding = 4; lastKnownFileType = sourcecode.c.h; path = SGCacheHandler.h; sourceTree = "<group>"; };
		4A705FA9121F1B6C00B3D330 /* SGClient.h */ = {isa = PBXFileReference; fileEncoding = 4; lastKnownFileType = sourcecode.c.h; path = SGClient.h; sourceTree = "<group>"; };
		4A705FAA121F1B6C00B3D330 /* SGCommitLog.h */ = {isa = PBXFileReference; fileEncoding = 4; lastKnownFileType = sourcecode.c.h; path = SGCommitLog.h; sourceTree = "<group>"; };
		4A705FAB121F1B6C00B3D330 /* SGGeohashNearbyQuery.h */ = {isa = PBXFileReference; fileEncoding = 4; lastKnownFileType = sourcecode.c.h; path = SGGeohashNearbyQuery.h; sourceTree = "<group>"; };
		4A705FAC121F1B6C00B3D330 /* SGGeoJSON+NSDictionary.h */ = {isa = PBXFileReference; fileEncoding = 4; lastKnownFileType = sourcecode.c.h; path = "SGGeoJSON+NSDictionary.h"; sourceTree = "<group>"; };
		4A705FAD121F1B6C00B3D330 /* SGGeoJSON.h */ = {isa = PBXFileReference; fileEncoding = 4; lastKnownFileType = sourcecode.c.h; path = SGGeoJSON.h; sourceTree = "<group>"; };
		4A705FAE121F1B6C00B3D330 /* SGGeoJSONEncoder.h */ = {isa = PBXFileReference; fileEncoding = 4; lastKnownFileType = sourcecode.c.h; path = SGGeoJSONEncoder.h; sourceTree = "<group>"; };
		4A705FAF121F1B6C00B3D330 /* SGHistoryQuery.h */ = {isa = PBXFileReference; fileEncoding = 4; lastKnownFileType = sourcecode.c.h; path = SGHistoryQuery.h; sourceTree = "<group>"; };
		4A705FB0121F1B6C00B3D330 /* SGLatLonNearbyQuery.h */ = {isa = PBXFileReference; fileEncoding = 4; lastKnownFileType = sourcecode.c.h; path = SGLatLonNearbyQuery.h; sourceTree = "<group>"; };
		4A705FB1121F1B6C00B3D330 /* SGLayer.h */ = {isa = PBXFileReference; fileEncoding = 4; lastKnownFileType = sourcecode.c.h; path = SGLayer.h; sourceTree = "<group>"; };
		4A705FB2121F1B6C00B3D330 /* SGLocationManager.h */ = {isa = PBXFileReference; fileEncoding = 4; lastKnownFileType = sourcecode.c.h; path = SGLocationManager.h; sourceTree = "<group>"; };
		4A705FB3121F1B6C00B3D330 /* SGLocationService.h */ = {isa = PBXFileReference; fileEncoding = 4; lastKnownFileType = sourcecode.c.h; path = SGLocationService.h; sourceTree = "<group>"; };
		4A705FB4121F1B6C00B3D330 /* SGLocationTypes.h */ = {isa = PBXFileReference; fileEncoding = 4; lastKnownFileType = sourcecode.c.h; path = SGLocationTypes.h; sourceTree = "<group>"; };
		4A705FB5121F1B6C00B3D330 /* SGNearbyQuery.h */ = {isa = PBXFileReference; fileEncoding = 4; lastKnownFileType = sourcecode.c.h; path = SGNearbyQuery.h; sourceTree = "<group>"; };
		4A705FB6121F1B6C00B3D330 /* SGOAuth.h */ = {isa = PBXFileReference; fileEncoding = 4; lastKnownFileType = sourcecode.c.h; path = SGOAuth.h; sourceTree = "<group>"; };
		4A705FB7121F1B6C00B3D330 /* SGQuery.h */ = {isa = PBXFileReference; fileEncoding = 4; lastKnownFileType = sourcecode.c.h; path = SGQuery.h; sourceTree = "<group>"; };
		4A705FB8121F1B6C00B3D330 /* SGRecord.h */ = {isa = PBXFileReference; fileEncoding = 4; lastKnownFileType = sourcecode.c.h; path = SGRecord.h; sourceTree = "<group>"; };
		4A705FB9121F1B6C00B3D330 /* SGRecordAnnotation.h */ = {isa = PBXFileReference; fileEncoding = 4; lastKnownFileType = sourcecode.c.h; path = SGRecordAnnotation.h; sourceTree = "<group>"; };
		4A705FBB121F1B6C00B3D330 /* libSGClient.a */ = {isa = PBXFileReference; lastKnownFileType = archive.ar; path = libSGClient.a; sourceTree = "<group>"; };
		4A705FBD121F1B6C00B3D330 /* libSGClient.a */ = {isa = PBXFileReference; lastKnownFileType = archive.ar; path = libSGClient.a; sourceTree = "<group>"; };
		4A705FBE121F1B6C00B3D330 /* LICENSE */ = {isa = PBXFileReference; fileEncoding = 4; lastKnownFileType = text; path = LICENSE; sourceTree = "<group>"; };
		4A705FBF121F1B6C00B3D330 /* README */ = {isa = PBXFileReference; fileEncoding = 4; lastKnownFileType = text; path = README; sourceTree = "<group>"; };
		4A70602B121F1BB400B3D330 /* CoreLocation.framework */ = {isa = PBXFileReference; lastKnownFileType = wrapper.framework; name = CoreLocation.framework; path = System/Library/Frameworks/CoreLocation.framework; sourceTree = SDKROOT; };
/* End PBXFileReference section */

/* Begin PBXFrameworksBuildPhase section */
		1D60588F0D05DD3D006BFB54 /* Frameworks */ = {
			isa = PBXFrameworksBuildPhase;
			buildActionMask = 2147483647;
			files = (
				1D60589F0D05DD5A006BFB54 /* Foundation.framework in Frameworks */,
				1DF5F4E00D08C38300B7A737 /* UIKit.framework in Frameworks */,
				288765FD0DF74451002DB57D /* CoreGraphics.framework in Frameworks */,
				4A70602C121F1BB400B3D330 /* CoreLocation.framework in Frameworks */,
			);
			runOnlyForDeploymentPostprocessing = 0;
		};
/* End PBXFrameworksBuildPhase section */

/* Begin PBXGroup section */
		080E96DDFE201D6D7F000001 /* Classes */ = {
			isa = PBXGroup;
			children = (
				1D3623240D0F684500981E51 /* SGBorderCrossingAppDelegate.h */,
				1D3623250D0F684500981E51 /* SGBorderCrossingAppDelegate.m */,
			);
			path = Classes;
			sourceTree = "<group>";
		};
		19C28FACFE9D520D11CA2CBB /* Products */ = {
			isa = PBXGroup;
			children = (
				1D6058910D05DD3D006BFB54 /* SGBorderCrossing.app */,
			);
			name = Products;
			sourceTree = "<group>";
		};
		29B97314FDCFA39411CA2CEA /* CustomTemplate */ = {
			isa = PBXGroup;
			children = (
				4A705EF1121F1B6C00B3D330 /* SGiPhoneSDK */,
				29B97316FDCFA39411CA2CEA /* main.m */,
				080E96DDFE201D6D7F000001 /* Classes */,
				29B97317FDCFA39411CA2CEA /* Resources */,
				29B97323FDCFA39411CA2CEA /* Frameworks */,
				19C28FACFE9D520D11CA2CBB /* Products */,
				4A70602B121F1BB400B3D330 /* CoreLocation.framework */,
			);
			name = CustomTemplate;
			sourceTree = "<group>";
		};
		29B97317FDCFA39411CA2CEA /* Resources */ = {
			isa = PBXGroup;
			children = (
				4A705ED9121F198200B3D330 /* SGBorderCrossing-Info.plist */,
				4A705EDA121F198200B3D330 /* SGBorderCrossing_Prefix.pch */,
				4A705EDB121F198200B3D330 /* MainWindow.xib */,
			);
			name = Resources;
			sourceTree = "<group>";
		};
		29B97323FDCFA39411CA2CEA /* Frameworks */ = {
			isa = PBXGroup;
			children = (
				1DF5F4DF0D08C38300B7A737 /* UIKit.framework */,
				1D30AB110D05D00D00671497 /* Foundation.framework */,
				288765FC0DF74451002DB57D /* CoreGraphics.framework */,
			);
			name = Frameworks;
			sourceTree = "<group>";
		};
		4A64660012286614008B1339 /* SGMapKit */ = {
			isa = PBXGroup;
			children = (
				4A64662B12286614008B1339 /* Headers */,
				4A64663412286614008B1339 /* iphoneos */,
				4A64663612286614008B1339 /* iphonesimulator */,
				4A64663812286614008B1339 /* LICENSE */,
				4A64663912286614008B1339 /* README */,
			);
			path = SGMapKit;
			sourceTree = "<group>";
		};
		4A64662B12286614008B1339 /* Headers */ = {
			isa = PBXGroup;
			children = (
				4A64662C12286614008B1339 /* CLLocationAdditions.h */,
				4A64662D12286614008B1339 /* SGDynamicPolylineView.h */,
				4A64662E12286614008B1339 /* SGLayerMapView.h */,
				4A64662F12286614008B1339 /* SGMapKit.h */,
				4A64663012286614008B1339 /* SGMapRectHelper.h */,
				4A64663112286614008B1339 /* SGPointHelper.h */,
				4A64663212286614008B1339 /* SGRecordLine.h */,
				4A64663312286614008B1339 /* SGRegion.h */,
			);
			path = Headers;
			sourceTree = "<group>";
		};
		4A64663412286614008B1339 /* iphoneos */ = {
			isa = PBXGroup;
			children = (
				4A64663512286614008B1339 /* libSGMapKit.a */,
			);
			path = iphoneos;
			sourceTree = "<group>";
		};
		4A64663612286614008B1339 /* iphonesimulator */ = {
			isa = PBXGroup;
			children = (
				4A64663712286614008B1339 /* libSGMapKit.a */,
			);
			path = iphonesimulator;
			sourceTree = "<group>";
		};
		4A705EF1121F1B6C00B3D330 /* SGiPhoneSDK */ = {
			isa = PBXGroup;
			children = (
				4A64660012286614008B1339 /* SGMapKit */,
				4A705EF2121F1B6C00B3D330 /* SGClient */,
			);
			path = SGiPhoneSDK;
			sourceTree = "<group>";
		};
		4A705EF2121F1B6C00B3D330 /* SGClient */ = {
			isa = PBXGroup;
			children = (
				4A705FA2121F1B6C00B3D330 /* Headers */,
				4A705FBA121F1B6C00B3D330 /* iphoneos */,
				4A705FBC121F1B6C00B3D330 /* iphonesimulator */,
				4A705FBE121F1B6C00B3D330 /* LICENSE */,
				4A705FBF121F1B6C00B3D330 /* README */,
			);
			path = SGClient;
			sourceTree = "<group>";
		};
		4A705FA2121F1B6C00B3D330 /* Headers */ = {
			isa = PBXGroup;
			children = (
				4A705FA3121F1B6C00B3D330 /* GeoJSON+NSArray.h */,
				4A705FA4121F1B6C00B3D330 /* GeoJSON+NSDictionary.h */,
				4A705FA5121F1B6C00B3D330 /* NSStringAdditions.h */,
				4A705FA6121F1B6C00B3D330 /* SGAdditions.h */,
				4A705FA7121F1B6C00B3D330 /* SGAuthorization.h */,
				4A705FA8121F1B6C00B3D330 /* SGCacheHandler.h */,
				4A705FA9121F1B6C00B3D330 /* SGClient.h */,
				4A705FAA121F1B6C00B3D330 /* SGCommitLog.h */,
				4A705FAB121F1B6C00B3D330 /* SGGeohashNearbyQuery.h */,
				4A705FAC121F1B6C00B3D330 /* SGGeoJSON+NSDictionary.h */,
				4A705FAD121F1B6C00B3D330 /* SGGeoJSON.h */,
				4A705FAE121F1B6C00B3D330 /* SGGeoJSONEncoder.h */,
				4A705FAF121F1B6C00B3D330 /* SGHistoryQuery.h */,
				4A705FB0121F1B6C00B3D330 /* SGLatLonNearbyQuery.h */,
				4A705FB1121F1B6C00B3D330 /* SGLayer.h */,
				4A705FB2121F1B6C00B3D330 /* SGLocationManager.h */,
				4A705FB3121F1B6C00B3D330 /* SGLocationService.h */,
				4A705FB4121F1B6C00B3D330 /* SGLocationTypes.h */,
				4A705FB5121F1B6C00B3D330 /* SGNearbyQuery.h */,
				4A705FB6121F1B6C00B3D330 /* SGOAuth.h */,
				4A705FB7121F1B6C00B3D330 /* SGQuery.h */,
				4A705FB8121F1B6C00B3D330 /* SGRecord.h */,
				4A705FB9121F1B6C00B3D330 /* SGRecordAnnotation.h */,
			);
			path = Headers;
			sourceTree = "<group>";
		};
		4A705FBA121F1B6C00B3D330 /* iphoneos */ = {
			isa = PBXGroup;
			children = (
				4A705FBB121F1B6C00B3D330 /* libSGClient.a */,
			);
			path = iphoneos;
			sourceTree = "<group>";
		};
		4A705FBC121F1B6C00B3D330 /* iphonesimulator */ = {
			isa = PBXGroup;
			children = (
				4A705FBD121F1B6C00B3D330 /* libSGClient.a */,
			);
			path = iphonesimulator;
			sourceTree = "<group>";
		};
/* End PBXGroup section */

/* Begin PBXNativeTarget section */
		1D6058900D05DD3D006BFB54 /* SGBorderCrossing */ = {
			isa = PBXNativeTarget;
			buildConfigurationList = 1D6058960D05DD3E006BFB54 /* Build configuration list for PBXNativeTarget "SGBorderCrossing" */;
			buildPhases = (
				1D60588D0D05DD3D006BFB54 /* Resources */,
				1D60588E0D05DD3D006BFB54 /* Sources */,
				1D60588F0D05DD3D006BFB54 /* Frameworks */,
			);
			buildRules = (
			);
			dependencies = (
			);
			name = SGBorderCrossing;
			productName = SGBorderCrossing;
			productReference = 1D6058910D05DD3D006BFB54 /* SGBorderCrossing.app */;
			productType = "com.apple.product-type.application";
		};
/* End PBXNativeTarget section */

/* Begin PBXProject section */
		29B97313FDCFA39411CA2CEA /* Project object */ = {
			isa = PBXProject;
			attributes = {
				ORGANIZATIONNAME = SimpleGeo;
			};
			buildConfigurationList = C01FCF4E08A954540054247B /* Build configuration list for PBXProject "SGBorderCrossing" */;
			compatibilityVersion = "Xcode 3.2";
			hasScannedForEncodings = 1;
			mainGroup = 29B97314FDCFA39411CA2CEA /* CustomTemplate */;
			projectDirPath = "";
			projectRoot = "";
			targets = (
				1D6058900D05DD3D006BFB54 /* SGBorderCrossing */,
			);
		};
/* End PBXProject section */

/* Begin PBXResourcesBuildPhase section */
		1D60588D0D05DD3D006BFB54 /* Resources */ = {
			isa = PBXResourcesBuildPhase;
			buildActionMask = 2147483647;
			files = (
				4A705EDD121F198200B3D330 /* MainWindow.xib in Resources */,
			);
			runOnlyForDeploymentPostprocessing = 0;
		};
/* End PBXResourcesBuildPhase section */

/* Begin PBXSourcesBuildPhase section */
		1D60588E0D05DD3D006BFB54 /* Sources */ = {
			isa = PBXSourcesBuildPhase;
			buildActionMask = 2147483647;
			files = (
				1D60589B0D05DD56006BFB54 /* main.m in Sources */,
				1D3623260D0F684500981E51 /* SGBorderCrossingAppDelegate.m in Sources */,
			);
			runOnlyForDeploymentPostprocessing = 0;
		};
/* End PBXSourcesBuildPhase section */

/* Begin XCBuildConfiguration section */
		1D6058940D05DD3E006BFB54 /* Debug */ = {
			isa = XCBuildConfiguration;
			buildSettings = {
				ALWAYS_SEARCH_USER_PATHS = NO;
				COPY_PHASE_STRIP = NO;
				GCC_DYNAMIC_NO_PIC = NO;
				GCC_OPTIMIZATION_LEVEL = 0;
				GCC_PRECOMPILE_PREFIX_HEADER = YES;
				GCC_PREFIX_HEADER = Resources/SGBorderCrossing_Prefix.pch;
				INFOPLIST_FILE = "Resources/SGBorderCrossing-Info.plist";
				LIBRARY_SEARCH_PATHS = (
					"SGiPhoneSDK/SGClient/$(PLATFORM_NAME)",
					"\"$(SRCROOT)/SGiPhoneSDK/SGClient/iphoneos\"",
					"\"$(SRCROOT)/SGiPhoneSDK/SGClient/iphonesimulator\"",
					"\"$(SRCROOT)/SGiPhoneSDK/SGMapKit/iphoneos\"",
					"\"$(SRCROOT)/SGiPhoneSDK/SGMapKit/iphonesimulator\"",
				);
				OTHER_LDFLAGS = (
					"-all_load",
					"-ObjC",
					"-l",
					SGClient,
					"-l",
					SGMapKit,
				);
				PRODUCT_NAME = SGBorderCrossing;
			};
			name = Debug;
		};
		1D6058950D05DD3E006BFB54 /* Release */ = {
			isa = XCBuildConfiguration;
			buildSettings = {
				ALWAYS_SEARCH_USER_PATHS = NO;
				COPY_PHASE_STRIP = YES;
				GCC_PRECOMPILE_PREFIX_HEADER = YES;
				GCC_PREFIX_HEADER = Resources/SGBorderCrossing_Prefix.pch;
				INFOPLIST_FILE = "Resources/SGBorderCrossing-Info.plist";
				LIBRARY_SEARCH_PATHS = (
					"SGiPhoneSDK/SGClient/$(PLATFORM_NAME)",
					"\"$(SRCROOT)/SGiPhoneSDK/SGClient/iphoneos\"",
					"\"$(SRCROOT)/SGiPhoneSDK/SGClient/iphonesimulator\"",
					"\"$(SRCROOT)/SGiPhoneSDK/SGMapKit/iphoneos\"",
					"\"$(SRCROOT)/SGiPhoneSDK/SGMapKit/iphonesimulator\"",
				);
				OTHER_LDFLAGS = (
					"-all_load",
					"-ObjC",
					"-l",
					SGClient,
				);
				PRODUCT_NAME = SGBorderCrossing;
				VALIDATE_PRODUCT = YES;
			};
			name = Release;
		};
		C01FCF4F08A954540054247B /* Debug */ = {
			isa = XCBuildConfiguration;
			buildSettings = {
				ARCHS = "$(ARCHS_STANDARD_32_BIT)";
				"CODE_SIGN_IDENTITY[sdk=iphoneos*]" = "iPhone Developer";
				GCC_C_LANGUAGE_STANDARD = c99;
				GCC_WARN_ABOUT_RETURN_TYPE = YES;
				GCC_WARN_UNUSED_VARIABLE = YES;
				PREBINDING = NO;
				SDKROOT = iphoneos4.0;
			};
			name = Debug;
		};
		C01FCF5008A954540054247B /* Release */ = {
			isa = XCBuildConfiguration;
			buildSettings = {
				ARCHS = "$(ARCHS_STANDARD_32_BIT)";
				"CODE_SIGN_IDENTITY[sdk=iphoneos*]" = "iPhone Developer";
				GCC_C_LANGUAGE_STANDARD = c99;
				GCC_WARN_ABOUT_RETURN_TYPE = YES;
				GCC_WARN_UNUSED_VARIABLE = YES;
				OTHER_CFLAGS = "-DNS_BLOCK_ASSERTIONS=1";
				PREBINDING = NO;
				SDKROOT = iphoneos4.0;
			};
			name = Release;
		};
/* End XCBuildConfiguration section */

/* Begin XCConfigurationList section */
		1D6058960D05DD3E006BFB54 /* Build configuration list for PBXNativeTarget "SGBorderCrossing" */ = {
			isa = XCConfigurationList;
			buildConfigurations = (
				1D6058940D05DD3E006BFB54 /* Debug */,
				1D6058950D05DD3E006BFB54 /* Release */,
			);
			defaultConfigurationIsVisible = 0;
			defaultConfigurationName = Release;
		};
		C01FCF4E08A954540054247B /* Build configuration list for PBXProject "SGBorderCrossing" */ = {
			isa = XCConfigurationList;
			buildConfigurations = (
				C01FCF4F08A954540054247B /* Debug */,
				C01FCF5008A954540054247B /* Release */,
			);
			defaultConfigurationIsVisible = 0;
			defaultConfigurationName = Release;
		};
/* End XCConfigurationList section */
	};
	rootObject = 29B97313FDCFA39411CA2CEA /* Project object */;
}
